// !$*UTF8*$!
{
	archiveVersion = 1;
	classes = {
	};
	objectVersion = 46;
	objects = {

/* Begin PBXBuildFile section */
		020BB72F1CAFA704005BA2A6 /* Extensions.swift in Sources */ = {isa = PBXBuildFile; fileRef = 020BB72E1CAFA704005BA2A6 /* Extensions.swift */; };
		02EF8D5B1CB0AFCE001AAED3 /* Fabric.framework in Frameworks */ = {isa = PBXBuildFile; fileRef = 02EF8D591CB0AFCE001AAED3 /* Fabric.framework */; };
		02EF8D5C1CB0AFCE001AAED3 /* Crashlytics.framework in Frameworks */ = {isa = PBXBuildFile; fileRef = 02EF8D5A1CB0AFCE001AAED3 /* Crashlytics.framework */; };
		02EF8D681CB0B8C6001AAED3 /* libFlurry_7.5.2.a in Frameworks */ = {isa = PBXBuildFile; fileRef = 02EF8D671CB0B8C6001AAED3 /* libFlurry_7.5.2.a */; };
		7F0F0CFE1C7D423D005011B6 /* AudioToolbox.framework in Frameworks */ = {isa = PBXBuildFile; fileRef = 7F0F0CFD1C7D423D005011B6 /* AudioToolbox.framework */; };
		7F0F0D001C7D4249005011B6 /* CFNetwork.framework in Frameworks */ = {isa = PBXBuildFile; fileRef = 7F0F0CFF1C7D4249005011B6 /* CFNetwork.framework */; };
		7F0F0D021C7D4251005011B6 /* CoreGraphics.framework in Frameworks */ = {isa = PBXBuildFile; fileRef = 7F0F0D011C7D4251005011B6 /* CoreGraphics.framework */; };
		7F0F0D041C7D4259005011B6 /* CoreLocation.framework in Frameworks */ = {isa = PBXBuildFile; fileRef = 7F0F0D031C7D4259005011B6 /* CoreLocation.framework */; };
		7F0F0D061C7D425F005011B6 /* QuartzCore.framework in Frameworks */ = {isa = PBXBuildFile; fileRef = 7F0F0D051C7D425F005011B6 /* QuartzCore.framework */; };
		7F0F0D081C7D4267005011B6 /* Security.framework in Frameworks */ = {isa = PBXBuildFile; fileRef = 7F0F0D071C7D4267005011B6 /* Security.framework */; };
		7F0F0D0C1C7D4276005011B6 /* SystemConfiguration.framework in Frameworks */ = {isa = PBXBuildFile; fileRef = 7F0F0D0B1C7D4276005011B6 /* SystemConfiguration.framework */; };
		7F0F0D0E1C7D4280005011B6 /* libz.tbd in Frameworks */ = {isa = PBXBuildFile; fileRef = 7F0F0D0D1C7D4280005011B6 /* libz.tbd */; };
		7F0F0D101C7D4287005011B6 /* libsqlite3.tbd in Frameworks */ = {isa = PBXBuildFile; fileRef = 7F0F0D0F1C7D4287005011B6 /* libsqlite3.tbd */; };
		7F0F0D261C7D4775005011B6 /* Bolts.framework in Frameworks */ = {isa = PBXBuildFile; fileRef = 7F0F0D201C7D4775005011B6 /* Bolts.framework */; };
		7F0F0D271C7D4775005011B6 /* Parse.framework in Frameworks */ = {isa = PBXBuildFile; fileRef = 7F0F0D211C7D4775005011B6 /* Parse.framework */; };
		7F0F0D281C7D4775005011B6 /* ParseFacebookUtils.framework in Frameworks */ = {isa = PBXBuildFile; fileRef = 7F0F0D221C7D4775005011B6 /* ParseFacebookUtils.framework */; };
		7F0F0D291C7D4775005011B6 /* ParseFacebookUtilsV4.framework in Frameworks */ = {isa = PBXBuildFile; fileRef = 7F0F0D231C7D4775005011B6 /* ParseFacebookUtilsV4.framework */; };
		7F0F0D2A1C7D4775005011B6 /* ParseTwitterUtils.framework in Frameworks */ = {isa = PBXBuildFile; fileRef = 7F0F0D241C7D4775005011B6 /* ParseTwitterUtils.framework */; };
		7F0F0D2B1C7D4775005011B6 /* ParseUI.framework in Frameworks */ = {isa = PBXBuildFile; fileRef = 7F0F0D251C7D4775005011B6 /* ParseUI.framework */; };
		7F14E2911C8DE41600AF2BF3 /* MeViewController.swift in Sources */ = {isa = PBXBuildFile; fileRef = 7F14E2901C8DE41600AF2BF3 /* MeViewController.swift */; };
		7F226A8E1C8E8448006B3A15 /* ChannelPickerViewController.swift in Sources */ = {isa = PBXBuildFile; fileRef = 7F226A8D1C8E8448006B3A15 /* ChannelPickerViewController.swift */; };
		7F3F79591CACC0D1007C89A9 /* ReportChannelTableViewController.swift in Sources */ = {isa = PBXBuildFile; fileRef = 7F3F79581CACC0D1007C89A9 /* ReportChannelTableViewController.swift */; };
		7F3F795B1CACC0F4007C89A9 /* ReportChannelTableViewCell.swift in Sources */ = {isa = PBXBuildFile; fileRef = 7F3F795A1CACC0F4007C89A9 /* ReportChannelTableViewCell.swift */; };
		7F45ECBC1C7E032A00580C00 /* SignUpViewController.swift in Sources */ = {isa = PBXBuildFile; fileRef = 7F45ECBB1C7E032A00580C00 /* SignUpViewController.swift */; };
		7F45ECBE1C7E18F200580C00 /* HomeViewController.swift in Sources */ = {isa = PBXBuildFile; fileRef = 7F45ECBD1C7E18F200580C00 /* HomeViewController.swift */; };
		7F5208E81C8FB6960090F433 /* ChannelPickerViewControllerDelegate.swift in Sources */ = {isa = PBXBuildFile; fileRef = 7F5208E71C8FB6960090F433 /* ChannelPickerViewControllerDelegate.swift */; };
		7F5208EC1C8FC1B90090F433 /* ChannelPickerTableViewCell.swift in Sources */ = {isa = PBXBuildFile; fileRef = 7F5208EB1C8FC1B90090F433 /* ChannelPickerTableViewCell.swift */; };
		7F523DC21C9245F300761464 /* ChannelsViewController.swift in Sources */ = {isa = PBXBuildFile; fileRef = 7F523DC11C9245F300761464 /* ChannelsViewController.swift */; };
		7F523DC41C924A7E00761464 /* ChannelsTableViewCell.swift in Sources */ = {isa = PBXBuildFile; fileRef = 7F523DC31C924A7E00761464 /* ChannelsTableViewCell.swift */; };
		7F540D881C88FEB6008B783D /* PostDetailViewController.swift in Sources */ = {isa = PBXBuildFile; fileRef = 7F540D871C88FEB6008B783D /* PostDetailViewController.swift */; };
		7F540D8A1C8917ED008B783D /* CommentsTableViewCell.swift in Sources */ = {isa = PBXBuildFile; fileRef = 7F540D891C8917ED008B783D /* CommentsTableViewCell.swift */; };
		7F5691541C8490A40072D6B8 /* LogInViewController.swift in Sources */ = {isa = PBXBuildFile; fileRef = 7F5691531C8490A40072D6B8 /* LogInViewController.swift */; };
		7FA08D731CC096B50067055F /* Main.storyboard in Resources */ = {isa = PBXBuildFile; fileRef = 7FA08D721CC096B50067055F /* Main.storyboard */; settings = {ASSET_TAGS = (); }; };
		7FBDB2801C853AF200B98292 /* HomeTableViewCell.swift in Sources */ = {isa = PBXBuildFile; fileRef = 7FBDB27F1C853AF200B98292 /* HomeTableViewCell.swift */; };
		7FC2807C1C84A40F0072B218 /* NewPostViewController.swift in Sources */ = {isa = PBXBuildFile; fileRef = 7FC2807B1C84A40F0072B218 /* NewPostViewController.swift */; };
		7FCAADE71C989F61006CBA68 /* MeTableViewCell.swift in Sources */ = {isa = PBXBuildFile; fileRef = 7FCAADE61C989F61006CBA68 /* MeTableViewCell.swift */; };
		7FD34F871CBEA568009E3AC6 /* MyNavigationController.swift in Sources */ = {isa = PBXBuildFile; fileRef = 7FD34F861CBEA568009E3AC6 /* MyNavigationController.swift */; settings = {ASSET_TAGS = (); }; };
		7FDE86301C7E9EFF003D797D /* MoreViewController.swift in Sources */ = {isa = PBXBuildFile; fileRef = 7FDE862F1C7E9EFF003D797D /* MoreViewController.swift */; };
		7FEA8A271C7BE15900141D15 /* AppDelegate.swift in Sources */ = {isa = PBXBuildFile; fileRef = 7FEA8A261C7BE15900141D15 /* AppDelegate.swift */; };
		7FEA8A301C7BE15900141D15 /* Assets.xcassets in Resources */ = {isa = PBXBuildFile; fileRef = 7FEA8A2F1C7BE15900141D15 /* Assets.xcassets */; };
		7FEA8A331C7BE15900141D15 /* LaunchScreen.storyboard in Resources */ = {isa = PBXBuildFile; fileRef = 7FEA8A311C7BE15900141D15 /* LaunchScreen.storyboard */; };
/* End PBXBuildFile section */

/* Begin PBXFileReference section */
		020BB72E1CAFA704005BA2A6 /* Extensions.swift */ = {isa = PBXFileReference; fileEncoding = 4; lastKnownFileType = sourcecode.swift; path = Extensions.swift; sourceTree = "<group>"; };
		02EF8D591CB0AFCE001AAED3 /* Fabric.framework */ = {isa = PBXFileReference; lastKnownFileType = wrapper.framework; path = Fabric.framework; sourceTree = SOURCE_ROOT; };
		02EF8D5A1CB0AFCE001AAED3 /* Crashlytics.framework */ = {isa = PBXFileReference; lastKnownFileType = wrapper.framework; path = Crashlytics.framework; sourceTree = SOURCE_ROOT; };
		02EF8D651CB0B8C6001AAED3 /* Flurry.h */ = {isa = PBXFileReference; fileEncoding = 4; lastKnownFileType = sourcecode.c.h; path = Flurry.h; sourceTree = "<group>"; };
		02EF8D671CB0B8C6001AAED3 /* libFlurry_7.5.2.a */ = {isa = PBXFileReference; lastKnownFileType = archive.ar; path = libFlurry_7.5.2.a; sourceTree = "<group>"; };
		7F0F0CFD1C7D423D005011B6 /* AudioToolbox.framework */ = {isa = PBXFileReference; lastKnownFileType = wrapper.framework; name = AudioToolbox.framework; path = System/Library/Frameworks/AudioToolbox.framework; sourceTree = SDKROOT; };
		7F0F0CFF1C7D4249005011B6 /* CFNetwork.framework */ = {isa = PBXFileReference; lastKnownFileType = wrapper.framework; name = CFNetwork.framework; path = System/Library/Frameworks/CFNetwork.framework; sourceTree = SDKROOT; };
		7F0F0D011C7D4251005011B6 /* CoreGraphics.framework */ = {isa = PBXFileReference; lastKnownFileType = wrapper.framework; name = CoreGraphics.framework; path = System/Library/Frameworks/CoreGraphics.framework; sourceTree = SDKROOT; };
		7F0F0D031C7D4259005011B6 /* CoreLocation.framework */ = {isa = PBXFileReference; lastKnownFileType = wrapper.framework; name = CoreLocation.framework; path = System/Library/Frameworks/CoreLocation.framework; sourceTree = SDKROOT; };
		7F0F0D051C7D425F005011B6 /* QuartzCore.framework */ = {isa = PBXFileReference; lastKnownFileType = wrapper.framework; name = QuartzCore.framework; path = System/Library/Frameworks/QuartzCore.framework; sourceTree = SDKROOT; };
		7F0F0D071C7D4267005011B6 /* Security.framework */ = {isa = PBXFileReference; lastKnownFileType = wrapper.framework; name = Security.framework; path = System/Library/Frameworks/Security.framework; sourceTree = SDKROOT; };
		7F0F0D0B1C7D4276005011B6 /* SystemConfiguration.framework */ = {isa = PBXFileReference; lastKnownFileType = wrapper.framework; name = SystemConfiguration.framework; path = System/Library/Frameworks/SystemConfiguration.framework; sourceTree = SDKROOT; };
		7F0F0D0D1C7D4280005011B6 /* libz.tbd */ = {isa = PBXFileReference; lastKnownFileType = "sourcecode.text-based-dylib-definition"; name = libz.tbd; path = usr/lib/libz.tbd; sourceTree = SDKROOT; };
		7F0F0D0F1C7D4287005011B6 /* libsqlite3.tbd */ = {isa = PBXFileReference; lastKnownFileType = "sourcecode.text-based-dylib-definition"; name = libsqlite3.tbd; path = usr/lib/libsqlite3.tbd; sourceTree = SDKROOT; };
		7F0F0D111C7D4358005011B6 /* poli-Bridging-Header.h */ = {isa = PBXFileReference; lastKnownFileType = sourcecode.c.h; path = "poli-Bridging-Header.h"; sourceTree = SOURCE_ROOT; };
		7F0F0D201C7D4775005011B6 /* Bolts.framework */ = {isa = PBXFileReference; lastKnownFileType = wrapper.framework; path = Bolts.framework; sourceTree = "<group>"; };
		7F0F0D211C7D4775005011B6 /* Parse.framework */ = {isa = PBXFileReference; lastKnownFileType = wrapper.framework; path = Parse.framework; sourceTree = "<group>"; };
		7F0F0D221C7D4775005011B6 /* ParseFacebookUtils.framework */ = {isa = PBXFileReference; lastKnownFileType = wrapper.framework; path = ParseFacebookUtils.framework; sourceTree = "<group>"; };
		7F0F0D231C7D4775005011B6 /* ParseFacebookUtilsV4.framework */ = {isa = PBXFileReference; lastKnownFileType = wrapper.framework; path = ParseFacebookUtilsV4.framework; sourceTree = "<group>"; };
		7F0F0D241C7D4775005011B6 /* ParseTwitterUtils.framework */ = {isa = PBXFileReference; lastKnownFileType = wrapper.framework; path = ParseTwitterUtils.framework; sourceTree = "<group>"; };
		7F0F0D251C7D4775005011B6 /* ParseUI.framework */ = {isa = PBXFileReference; lastKnownFileType = wrapper.framework; path = ParseUI.framework; sourceTree = "<group>"; };
		7F14E2901C8DE41600AF2BF3 /* MeViewController.swift */ = {isa = PBXFileReference; fileEncoding = 4; lastKnownFileType = sourcecode.swift; path = MeViewController.swift; sourceTree = "<group>"; };
		7F226A8D1C8E8448006B3A15 /* ChannelPickerViewController.swift */ = {isa = PBXFileReference; fileEncoding = 4; lastKnownFileType = sourcecode.swift; path = ChannelPickerViewController.swift; sourceTree = "<group>"; };
		7F3F79581CACC0D1007C89A9 /* ReportChannelTableViewController.swift */ = {isa = PBXFileReference; fileEncoding = 4; lastKnownFileType = sourcecode.swift; path = ReportChannelTableViewController.swift; sourceTree = "<group>"; };
		7F3F795A1CACC0F4007C89A9 /* ReportChannelTableViewCell.swift */ = {isa = PBXFileReference; fileEncoding = 4; lastKnownFileType = sourcecode.swift; path = ReportChannelTableViewCell.swift; sourceTree = "<group>"; };
		7F45ECBB1C7E032A00580C00 /* SignUpViewController.swift */ = {isa = PBXFileReference; fileEncoding = 4; lastKnownFileType = sourcecode.swift; path = SignUpViewController.swift; sourceTree = "<group>"; };
		7F45ECBD1C7E18F200580C00 /* HomeViewController.swift */ = {isa = PBXFileReference; fileEncoding = 4; lastKnownFileType = sourcecode.swift; path = HomeViewController.swift; sourceTree = "<group>"; };
		7F5208E71C8FB6960090F433 /* ChannelPickerViewControllerDelegate.swift */ = {isa = PBXFileReference; fileEncoding = 4; lastKnownFileType = sourcecode.swift; path = ChannelPickerViewControllerDelegate.swift; sourceTree = "<group>"; };
		7F5208EB1C8FC1B90090F433 /* ChannelPickerTableViewCell.swift */ = {isa = PBXFileReference; fileEncoding = 4; lastKnownFileType = sourcecode.swift; path = ChannelPickerTableViewCell.swift; sourceTree = "<group>"; };
		7F523DC11C9245F300761464 /* ChannelsViewController.swift */ = {isa = PBXFileReference; fileEncoding = 4; lastKnownFileType = sourcecode.swift; path = ChannelsViewController.swift; sourceTree = "<group>"; };
		7F523DC31C924A7E00761464 /* ChannelsTableViewCell.swift */ = {isa = PBXFileReference; fileEncoding = 4; lastKnownFileType = sourcecode.swift; path = ChannelsTableViewCell.swift; sourceTree = "<group>"; };
		7F540D871C88FEB6008B783D /* PostDetailViewController.swift */ = {isa = PBXFileReference; fileEncoding = 4; lastKnownFileType = sourcecode.swift; path = PostDetailViewController.swift; sourceTree = "<group>"; };
		7F540D891C8917ED008B783D /* CommentsTableViewCell.swift */ = {isa = PBXFileReference; fileEncoding = 4; lastKnownFileType = sourcecode.swift; path = CommentsTableViewCell.swift; sourceTree = "<group>"; };
		7F5691531C8490A40072D6B8 /* LogInViewController.swift */ = {isa = PBXFileReference; fileEncoding = 4; lastKnownFileType = sourcecode.swift; path = LogInViewController.swift; sourceTree = "<group>"; };
		7FA08D721CC096B50067055F /* Main.storyboard */ = {isa = PBXFileReference; fileEncoding = 4; lastKnownFileType = file.storyboard; path = Main.storyboard; sourceTree = "<group>"; };
		7FBDB27F1C853AF200B98292 /* HomeTableViewCell.swift */ = {isa = PBXFileReference; fileEncoding = 4; lastKnownFileType = sourcecode.swift; path = HomeTableViewCell.swift; sourceTree = "<group>"; };
		7FC2807B1C84A40F0072B218 /* NewPostViewController.swift */ = {isa = PBXFileReference; fileEncoding = 4; lastKnownFileType = sourcecode.swift; path = NewPostViewController.swift; sourceTree = "<group>"; };
		7FCAADE61C989F61006CBA68 /* MeTableViewCell.swift */ = {isa = PBXFileReference; fileEncoding = 4; lastKnownFileType = sourcecode.swift; path = MeTableViewCell.swift; sourceTree = "<group>"; };
		7FD34F861CBEA568009E3AC6 /* MyNavigationController.swift */ = {isa = PBXFileReference; fileEncoding = 4; lastKnownFileType = sourcecode.swift; path = MyNavigationController.swift; sourceTree = "<group>"; };
		7FDE862F1C7E9EFF003D797D /* MoreViewController.swift */ = {isa = PBXFileReference; fileEncoding = 4; lastKnownFileType = sourcecode.swift; path = MoreViewController.swift; sourceTree = "<group>"; };
		7FEA8A231C7BE15900141D15 /* poli.app */ = {isa = PBXFileReference; explicitFileType = wrapper.application; includeInIndex = 0; path = poli.app; sourceTree = BUILT_PRODUCTS_DIR; };
		7FEA8A261C7BE15900141D15 /* AppDelegate.swift */ = {isa = PBXFileReference; lastKnownFileType = sourcecode.swift; path = AppDelegate.swift; sourceTree = "<group>"; };
		7FEA8A2F1C7BE15900141D15 /* Assets.xcassets */ = {isa = PBXFileReference; lastKnownFileType = folder.assetcatalog; path = Assets.xcassets; sourceTree = "<group>"; };
		7FEA8A321C7BE15900141D15 /* Base */ = {isa = PBXFileReference; lastKnownFileType = file.storyboard; name = Base; path = Base.lproj/LaunchScreen.storyboard; sourceTree = "<group>"; };
		7FEA8A341C7BE15900141D15 /* Info.plist */ = {isa = PBXFileReference; lastKnownFileType = text.plist.xml; path = Info.plist; sourceTree = "<group>"; };
/* End PBXFileReference section */

/* Begin PBXFrameworksBuildPhase section */
		7FEA8A201C7BE15900141D15 /* Frameworks */ = {
			isa = PBXFrameworksBuildPhase;
			buildActionMask = 2147483647;
			files = (
				7F0F0D0C1C7D4276005011B6 /* SystemConfiguration.framework in Frameworks */,
				7F0F0D081C7D4267005011B6 /* Security.framework in Frameworks */,
				7F0F0D101C7D4287005011B6 /* libsqlite3.tbd in Frameworks */,
				7F0F0D0E1C7D4280005011B6 /* libz.tbd in Frameworks */,
				7F0F0D291C7D4775005011B6 /* ParseFacebookUtilsV4.framework in Frameworks */,
				02EF8D5B1CB0AFCE001AAED3 /* Fabric.framework in Frameworks */,
				7F0F0D2A1C7D4775005011B6 /* ParseTwitterUtils.framework in Frameworks */,
				7F0F0D2B1C7D4775005011B6 /* ParseUI.framework in Frameworks */,
				02EF8D5C1CB0AFCE001AAED3 /* Crashlytics.framework in Frameworks */,
				7F0F0D061C7D425F005011B6 /* QuartzCore.framework in Frameworks */,
				02EF8D681CB0B8C6001AAED3 /* libFlurry_7.5.2.a in Frameworks */,
				7F0F0D041C7D4259005011B6 /* CoreLocation.framework in Frameworks */,
				7F0F0D021C7D4251005011B6 /* CoreGraphics.framework in Frameworks */,
				7F0F0D261C7D4775005011B6 /* Bolts.framework in Frameworks */,
				7F0F0D001C7D4249005011B6 /* CFNetwork.framework in Frameworks */,
				7F0F0D271C7D4775005011B6 /* Parse.framework in Frameworks */,
				7F0F0CFE1C7D423D005011B6 /* AudioToolbox.framework in Frameworks */,
				7F0F0D281C7D4775005011B6 /* ParseFacebookUtils.framework in Frameworks */,
			);
			runOnlyForDeploymentPostprocessing = 0;
		};
/* End PBXFrameworksBuildPhase section */

/* Begin PBXGroup section */
		7F0F0CFC1C7D41C2005011B6 /* Frameworks */ = {
			isa = PBXGroup;
			children = (
				02EF8D651CB0B8C6001AAED3 /* Flurry.h */,
				02EF8D671CB0B8C6001AAED3 /* libFlurry_7.5.2.a */,
				02EF8D591CB0AFCE001AAED3 /* Fabric.framework */,
				02EF8D5A1CB0AFCE001AAED3 /* Crashlytics.framework */,
				7F0F0D201C7D4775005011B6 /* Bolts.framework */,
				7F0F0D211C7D4775005011B6 /* Parse.framework */,
				7F0F0D221C7D4775005011B6 /* ParseFacebookUtils.framework */,
				7F0F0D231C7D4775005011B6 /* ParseFacebookUtilsV4.framework */,
				7F0F0D241C7D4775005011B6 /* ParseTwitterUtils.framework */,
				7F0F0D251C7D4775005011B6 /* ParseUI.framework */,
				7F0F0D0F1C7D4287005011B6 /* libsqlite3.tbd */,
				7F0F0D0D1C7D4280005011B6 /* libz.tbd */,
				7F0F0D0B1C7D4276005011B6 /* SystemConfiguration.framework */,
				7F0F0D071C7D4267005011B6 /* Security.framework */,
				7F0F0D051C7D425F005011B6 /* QuartzCore.framework */,
				7F0F0D031C7D4259005011B6 /* CoreLocation.framework */,
				7F0F0D011C7D4251005011B6 /* CoreGraphics.framework */,
				7F0F0CFF1C7D4249005011B6 /* CFNetwork.framework */,
				7F0F0CFD1C7D423D005011B6 /* AudioToolbox.framework */,
			);
			name = Frameworks;
			path = poli;
			sourceTree = "<group>";
		};
		7FEA8A1A1C7BE15900141D15 = {
			isa = PBXGroup;
			children = (
				7FEA8A251C7BE15900141D15 /* poli */,
				7F0F0CFC1C7D41C2005011B6 /* Frameworks */,
				7FEA8A241C7BE15900141D15 /* Products */,
			);
			sourceTree = "<group>";
		};
		7FEA8A241C7BE15900141D15 /* Products */ = {
			isa = PBXGroup;
			children = (
				7FEA8A231C7BE15900141D15 /* poli.app */,
			);
			name = Products;
			sourceTree = "<group>";
		};
		7FEA8A251C7BE15900141D15 /* poli */ = {
			isa = PBXGroup;
			children = (
				7FA08D721CC096B50067055F /* Main.storyboard */,
				7FEA8A261C7BE15900141D15 /* AppDelegate.swift */,
				7FD34F861CBEA568009E3AC6 /* MyNavigationController.swift */,
				7F5691531C8490A40072D6B8 /* LogInViewController.swift */,
				7F45ECBB1C7E032A00580C00 /* SignUpViewController.swift */,
				7F45ECBD1C7E18F200580C00 /* HomeViewController.swift */,
				7FBDB27F1C853AF200B98292 /* HomeTableViewCell.swift */,
				7F540D871C88FEB6008B783D /* PostDetailViewController.swift */,
				7F540D891C8917ED008B783D /* CommentsTableViewCell.swift */,
				7F523DC11C9245F300761464 /* ChannelsViewController.swift */,
				7F523DC31C924A7E00761464 /* ChannelsTableViewCell.swift */,
				7F3F79581CACC0D1007C89A9 /* ReportChannelTableViewController.swift */,
				7F3F795A1CACC0F4007C89A9 /* ReportChannelTableViewCell.swift */,
				7FC2807B1C84A40F0072B218 /* NewPostViewController.swift */,
				7F226A8D1C8E8448006B3A15 /* ChannelPickerViewController.swift */,
				7F5208E71C8FB6960090F433 /* ChannelPickerViewControllerDelegate.swift */,
				7F5208EB1C8FC1B90090F433 /* ChannelPickerTableViewCell.swift */,
				7F14E2901C8DE41600AF2BF3 /* MeViewController.swift */,
				7FCAADE61C989F61006CBA68 /* MeTableViewCell.swift */,
				7FDE862F1C7E9EFF003D797D /* MoreViewController.swift */,
				020BB72E1CAFA704005BA2A6 /* Extensions.swift */,
				7FEA8A2F1C7BE15900141D15 /* Assets.xcassets */,
				7FEA8A311C7BE15900141D15 /* LaunchScreen.storyboard */,
				7FEA8A341C7BE15900141D15 /* Info.plist */,
				7F0F0D111C7D4358005011B6 /* poli-Bridging-Header.h */,
			);
			path = poli;
			sourceTree = "<group>";
		};
/* End PBXGroup section */

/* Begin PBXNativeTarget section */
		7FEA8A221C7BE15900141D15 /* poli */ = {
			isa = PBXNativeTarget;
			buildConfigurationList = 7FEA8A371C7BE15900141D15 /* Build configuration list for PBXNativeTarget "poli" */;
			buildPhases = (
				7FEA8A1F1C7BE15900141D15 /* Sources */,
				7FEA8A201C7BE15900141D15 /* Frameworks */,
				7FEA8A211C7BE15900141D15 /* Resources */,
				02EF8D581CB0AF93001AAED3 /* ShellScript */,
			);
			buildRules = (
			);
			dependencies = (
			);
			name = poli;
			productName = poli;
			productReference = 7FEA8A231C7BE15900141D15 /* poli.app */;
			productType = "com.apple.product-type.application";
		};
/* End PBXNativeTarget section */

/* Begin PBXProject section */
		7FEA8A1B1C7BE15900141D15 /* Project object */ = {
			isa = PBXProject;
			attributes = {
				LastSwiftUpdateCheck = 0700;
				LastUpgradeCheck = 0700;
				ORGANIZATIONNAME = TeamTion;
				TargetAttributes = {
					7FEA8A221C7BE15900141D15 = {
						CreatedOnToolsVersion = 7.0;
						DevelopmentTeam = YKB2E8CQFG;
						SystemCapabilities = {
							com.apple.InAppPurchase = {
								enabled = 0;
							};
						};
					};
				};
			};
			buildConfigurationList = 7FEA8A1E1C7BE15900141D15 /* Build configuration list for PBXProject "poli" */;
			compatibilityVersion = "Xcode 3.2";
			developmentRegion = English;
			hasScannedForEncodings = 0;
			knownRegions = (
				en,
				Base,
			);
			mainGroup = 7FEA8A1A1C7BE15900141D15;
			productRefGroup = 7FEA8A241C7BE15900141D15 /* Products */;
			projectDirPath = "";
			projectRoot = "";
			targets = (
				7FEA8A221C7BE15900141D15 /* poli */,
			);
		};
/* End PBXProject section */

/* Begin PBXResourcesBuildPhase section */
		7FEA8A211C7BE15900141D15 /* Resources */ = {
			isa = PBXResourcesBuildPhase;
			buildActionMask = 2147483647;
			files = (
				7FA08D731CC096B50067055F /* Main.storyboard in Resources */,
				7FEA8A331C7BE15900141D15 /* LaunchScreen.storyboard in Resources */,
				7FEA8A301C7BE15900141D15 /* Assets.xcassets in Resources */,
			);
			runOnlyForDeploymentPostprocessing = 0;
		};
/* End PBXResourcesBuildPhase section */

/* Begin PBXShellScriptBuildPhase section */
		02EF8D581CB0AF93001AAED3 /* ShellScript */ = {
			isa = PBXShellScriptBuildPhase;
			buildActionMask = 2147483647;
			files = (
			);
			inputPaths = (
			);
			outputPaths = (
			);
			runOnlyForDeploymentPostprocessing = 0;
			shellPath = /bin/sh;
			shellScript = "./Fabric.framework/run d120eafde775f5163218da97b6dac610b9e8f227 c29b7ca06c8723d49a88d9a97a9c6174c59b99d701f354525c64b017cd1b327c";
		};
/* End PBXShellScriptBuildPhase section */

/* Begin PBXSourcesBuildPhase section */
		7FEA8A1F1C7BE15900141D15 /* Sources */ = {
			isa = PBXSourcesBuildPhase;
			buildActionMask = 2147483647;
			files = (
				7F14E2911C8DE41600AF2BF3 /* MeViewController.swift in Sources */,
				7F45ECBE1C7E18F200580C00 /* HomeViewController.swift in Sources */,
				7F540D881C88FEB6008B783D /* PostDetailViewController.swift in Sources */,
				7F45ECBC1C7E032A00580C00 /* SignUpViewController.swift in Sources */,
				7FBDB2801C853AF200B98292 /* HomeTableViewCell.swift in Sources */,
				7FCAADE71C989F61006CBA68 /* MeTableViewCell.swift in Sources */,
				7FDE86301C7E9EFF003D797D /* MoreViewController.swift in Sources */,
				020BB72F1CAFA704005BA2A6 /* Extensions.swift in Sources */,
				7F3F79591CACC0D1007C89A9 /* ReportChannelTableViewController.swift in Sources */,
				7F523DC41C924A7E00761464 /* ChannelsTableViewCell.swift in Sources */,
				7F5208E81C8FB6960090F433 /* ChannelPickerViewControllerDelegate.swift in Sources */,
				7FC2807C1C84A40F0072B218 /* NewPostViewController.swift in Sources */,
				7F523DC21C9245F300761464 /* ChannelsViewController.swift in Sources */,
				7FD34F871CBEA568009E3AC6 /* MyNavigationController.swift in Sources */,
				7F3F795B1CACC0F4007C89A9 /* ReportChannelTableViewCell.swift in Sources */,
				7F5691541C8490A40072D6B8 /* LogInViewController.swift in Sources */,
				7F5208EC1C8FC1B90090F433 /* ChannelPickerTableViewCell.swift in Sources */,
				7F540D8A1C8917ED008B783D /* CommentsTableViewCell.swift in Sources */,
				7F226A8E1C8E8448006B3A15 /* ChannelPickerViewController.swift in Sources */,
				7FEA8A271C7BE15900141D15 /* AppDelegate.swift in Sources */,
			);
			runOnlyForDeploymentPostprocessing = 0;
		};
/* End PBXSourcesBuildPhase section */

/* Begin PBXVariantGroup section */
		7FEA8A311C7BE15900141D15 /* LaunchScreen.storyboard */ = {
			isa = PBXVariantGroup;
			children = (
				7FEA8A321C7BE15900141D15 /* Base */,
			);
			name = LaunchScreen.storyboard;
			sourceTree = "<group>";
		};
/* End PBXVariantGroup section */

/* Begin XCBuildConfiguration section */
		7FEA8A351C7BE15900141D15 /* Debug */ = {
			isa = XCBuildConfiguration;
			buildSettings = {
				ALWAYS_SEARCH_USER_PATHS = NO;
				CLANG_CXX_LANGUAGE_STANDARD = "gnu++0x";
				CLANG_CXX_LIBRARY = "libc++";
				CLANG_ENABLE_MODULES = YES;
				CLANG_ENABLE_OBJC_ARC = YES;
				CLANG_WARN_BOOL_CONVERSION = YES;
				CLANG_WARN_CONSTANT_CONVERSION = YES;
				CLANG_WARN_DIRECT_OBJC_ISA_USAGE = YES_ERROR;
				CLANG_WARN_EMPTY_BODY = YES;
				CLANG_WARN_ENUM_CONVERSION = YES;
				CLANG_WARN_INT_CONVERSION = YES;
				CLANG_WARN_OBJC_ROOT_CLASS = YES_ERROR;
				CLANG_WARN_UNREACHABLE_CODE = YES;
				CLANG_WARN__DUPLICATE_METHOD_MATCH = YES;
				"CODE_SIGN_IDENTITY[sdk=iphoneos*]" = "iPhone Developer";
				COPY_PHASE_STRIP = NO;
				DEBUG_INFORMATION_FORMAT = dwarf;
				ENABLE_STRICT_OBJC_MSGSEND = YES;
				ENABLE_TESTABILITY = YES;
				GCC_C_LANGUAGE_STANDARD = gnu99;
				GCC_DYNAMIC_NO_PIC = NO;
				GCC_NO_COMMON_BLOCKS = YES;
				GCC_OPTIMIZATION_LEVEL = 0;
				GCC_PREPROCESSOR_DEFINITIONS = (
					"DEBUG=1",
					"$(inherited)",
				);
				GCC_WARN_64_TO_32_BIT_CONVERSION = YES;
				GCC_WARN_ABOUT_RETURN_TYPE = YES_ERROR;
				GCC_WARN_UNDECLARED_SELECTOR = YES;
				GCC_WARN_UNINITIALIZED_AUTOS = YES_AGGRESSIVE;
				GCC_WARN_UNUSED_FUNCTION = YES;
				GCC_WARN_UNUSED_VARIABLE = YES;
				IPHONEOS_DEPLOYMENT_TARGET = 9.0;
				MTL_ENABLE_DEBUG_INFO = YES;
				ONLY_ACTIVE_ARCH = YES;
				SDKROOT = iphoneos;
				SWIFT_OPTIMIZATION_LEVEL = "-Onone";
				TARGETED_DEVICE_FAMILY = "1,2";
			};
			name = Debug;
		};
		7FEA8A361C7BE15900141D15 /* Release */ = {
			isa = XCBuildConfiguration;
			buildSettings = {
				ALWAYS_SEARCH_USER_PATHS = NO;
				CLANG_CXX_LANGUAGE_STANDARD = "gnu++0x";
				CLANG_CXX_LIBRARY = "libc++";
				CLANG_ENABLE_MODULES = YES;
				CLANG_ENABLE_OBJC_ARC = YES;
				CLANG_WARN_BOOL_CONVERSION = YES;
				CLANG_WARN_CONSTANT_CONVERSION = YES;
				CLANG_WARN_DIRECT_OBJC_ISA_USAGE = YES_ERROR;
				CLANG_WARN_EMPTY_BODY = YES;
				CLANG_WARN_ENUM_CONVERSION = YES;
				CLANG_WARN_INT_CONVERSION = YES;
				CLANG_WARN_OBJC_ROOT_CLASS = YES_ERROR;
				CLANG_WARN_UNREACHABLE_CODE = YES;
				CLANG_WARN__DUPLICATE_METHOD_MATCH = YES;
				"CODE_SIGN_IDENTITY[sdk=iphoneos*]" = "iPhone Developer";
				COPY_PHASE_STRIP = NO;
				DEBUG_INFORMATION_FORMAT = "dwarf-with-dsym";
				ENABLE_NS_ASSERTIONS = NO;
				ENABLE_STRICT_OBJC_MSGSEND = YES;
				GCC_C_LANGUAGE_STANDARD = gnu99;
				GCC_NO_COMMON_BLOCKS = YES;
				GCC_WARN_64_TO_32_BIT_CONVERSION = YES;
				GCC_WARN_ABOUT_RETURN_TYPE = YES_ERROR;
				GCC_WARN_UNDECLARED_SELECTOR = YES;
				GCC_WARN_UNINITIALIZED_AUTOS = YES_AGGRESSIVE;
				GCC_WARN_UNUSED_FUNCTION = YES;
				GCC_WARN_UNUSED_VARIABLE = YES;
				IPHONEOS_DEPLOYMENT_TARGET = 9.0;
				MTL_ENABLE_DEBUG_INFO = NO;
				SDKROOT = iphoneos;
				TARGETED_DEVICE_FAMILY = "1,2";
				VALIDATE_PRODUCT = YES;
			};
			name = Release;
		};
		7FEA8A381C7BE15900141D15 /* Debug */ = {
			isa = XCBuildConfiguration;
			buildSettings = {
				ASSETCATALOG_COMPILER_APPICON_NAME = AppIcon;
				ASSETCATALOG_COMPILER_LAUNCHIMAGE_NAME = "Brand Assets";
				CLANG_ENABLE_MODULES = YES;
				CODE_SIGN_IDENTITY = "iPhone Developer";
				"CODE_SIGN_IDENTITY[sdk=iphoneos*]" = "iPhone Developer";
				DEBUG_INFORMATION_FORMAT = "dwarf-with-dsym";
				FRAMEWORK_SEARCH_PATHS = (
					"$(inherited)",
					"$(PROJECT_DIR)/poli",
					"$(PROJECT_DIR)",
				);
				INFOPLIST_FILE = poli/Info.plist;
				IPHONEOS_DEPLOYMENT_TARGET = 9.0;
				LD_RUNPATH_SEARCH_PATHS = "$(inherited) @executable_path/Frameworks";
				LIBRARY_SEARCH_PATHS = (
					"$(inherited)",
					"$(PROJECT_DIR)/Flurry",
					"$(PROJECT_DIR)/poli",
				);
				PRODUCT_BUNDLE_IDENTIFIER = Quan.poli;
				PRODUCT_NAME = "$(TARGET_NAME)";
				PROVISIONING_PROFILE = "";
				SWIFT_OBJC_BRIDGING_HEADER = "poli-Bridging-Header.h";
				SWIFT_OPTIMIZATION_LEVEL = "-Onone";
				TARGETED_DEVICE_FAMILY = 1;
			};
			name = Debug;
		};
		7FEA8A391C7BE15900141D15 /* Release */ = {
			isa = XCBuildConfiguration;
			buildSettings = {
				ASSETCATALOG_COMPILER_APPICON_NAME = AppIcon;
				ASSETCATALOG_COMPILER_LAUNCHIMAGE_NAME = "Brand Assets";
				CLANG_ENABLE_MODULES = YES;
				CODE_SIGN_IDENTITY = "iPhone Developer";
				"CODE_SIGN_IDENTITY[sdk=iphoneos*]" = "iPhone Developer";
				DEBUG_INFORMATION_FORMAT = "dwarf-with-dsym";
				FRAMEWORK_SEARCH_PATHS = (
					"$(inherited)",
					"$(PROJECT_DIR)/poli",
					"$(PROJECT_DIR)",
				);
				INFOPLIST_FILE = poli/Info.plist;
				IPHONEOS_DEPLOYMENT_TARGET = 9.0;
				LD_RUNPATH_SEARCH_PATHS = "$(inherited) @executable_path/Frameworks";
				LIBRARY_SEARCH_PATHS = (
					"$(inherited)",
					"$(PROJECT_DIR)/Flurry",
					"$(PROJECT_DIR)/poli",
				);
				PRODUCT_BUNDLE_IDENTIFIER = Quan.poli;
				PRODUCT_NAME = "$(TARGET_NAME)";
				PROVISIONING_PROFILE = "";
				SWIFT_OBJC_BRIDGING_HEADER = "poli-Bridging-Header.h";
				TARGETED_DEVICE_FAMILY = 1;
			};
			name = Release;
		};
/* End XCBuildConfiguration section */

/* Begin XCConfigurationList section */
		7FEA8A1E1C7BE15900141D15 /* Build configuration list for PBXProject "poli" */ = {
			isa = XCConfigurationList;
			buildConfigurations = (
				7FEA8A351C7BE15900141D15 /* Debug */,
				7FEA8A361C7BE15900141D15 /* Release */,
			);
			defaultConfigurationIsVisible = 0;
			defaultConfigurationName = Release;
		};
		7FEA8A371C7BE15900141D15 /* Build configuration list for PBXNativeTarget "poli" */ = {
			isa = XCConfigurationList;
			buildConfigurations = (
				7FEA8A381C7BE15900141D15 /* Debug */,
				7FEA8A391C7BE15900141D15 /* Release */,
			);
			defaultConfigurationIsVisible = 0;
			defaultConfigurationName = Release;
		};
/* End XCConfigurationList section */
	};
	rootObject = 7FEA8A1B1C7BE15900141D15 /* Project object */;
}
